// !$*UTF8*$!
{
	archiveVersion = 1;
	classes = {
	};
	objectVersion = 46;
	objects = {

/* Begin PBXBuildFile section */
		4863D78C1E36B914009137D6 /* AppDelegate.swift in Sources */ = {isa = PBXBuildFile; fileRef = 4863D78B1E36B914009137D6 /* AppDelegate.swift */; };
		4863D78E1E36B914009137D6 /* ViewController.swift in Sources */ = {isa = PBXBuildFile; fileRef = 4863D78D1E36B914009137D6 /* ViewController.swift */; };
		4863D7911E36B914009137D6 /* iPhone.storyboard in Resources */ = {isa = PBXBuildFile; fileRef = 4863D78F1E36B914009137D6 /* iPhone.storyboard */; };
		4863D7931E36B914009137D6 /* Assets.xcassets in Resources */ = {isa = PBXBuildFile; fileRef = 4863D7921E36B914009137D6 /* Assets.xcassets */; };
		4863D7961E36B914009137D6 /* LaunchScreen.storyboard in Resources */ = {isa = PBXBuildFile; fileRef = 4863D7941E36B914009137D6 /* LaunchScreen.storyboard */; };
		4863D7A11E36B915009137D6 /* DOCTests.swift in Sources */ = {isa = PBXBuildFile; fileRef = 4863D7A01E36B915009137D6 /* DOCTests.swift */; };
		4863D7AC1E36B915009137D6 /* DOCUITests.swift in Sources */ = {isa = PBXBuildFile; fileRef = 4863D7AB1E36B915009137D6 /* DOCUITests.swift */; };
		4863D7BA1E36BCF5009137D6 /* iPad.storyboard in Resources */ = {isa = PBXBuildFile; fileRef = 4863D7B91E36BCF5009137D6 /* iPad.storyboard */; };
/* End PBXBuildFile section */

/* Begin PBXContainerItemProxy section */
		4863D79D1E36B915009137D6 /* PBXContainerItemProxy */ = {
			isa = PBXContainerItemProxy;
			containerPortal = 4863D7801E36B914009137D6 /* Project object */;
			proxyType = 1;
			remoteGlobalIDString = 4863D7871E36B914009137D6;
			remoteInfo = DOC;
		};
		4863D7A81E36B915009137D6 /* PBXContainerItemProxy */ = {
			isa = PBXContainerItemProxy;
			containerPortal = 4863D7801E36B914009137D6 /* Project object */;
			proxyType = 1;
			remoteGlobalIDString = 4863D7871E36B914009137D6;
			remoteInfo = DOC;
		};
/* End PBXContainerItemProxy section */

/* Begin PBXFileReference section */
		4863D7881E36B914009137D6 /* DOC.app */ = {isa = PBXFileReference; explicitFileType = wrapper.application; includeInIndex = 0; path = DOC.app; sourceTree = BUILT_PRODUCTS_DIR; };
		4863D78B1E36B914009137D6 /* AppDelegate.swift */ = {isa = PBXFileReference; lastKnownFileType = sourcecode.swift; path = AppDelegate.swift; sourceTree = "<group>"; };
		4863D78D1E36B914009137D6 /* ViewController.swift */ = {isa = PBXFileReference; lastKnownFileType = sourcecode.swift; path = ViewController.swift; sourceTree = "<group>"; };
		4863D7901E36B914009137D6 /* Base */ = {isa = PBXFileReference; lastKnownFileType = file.storyboard; name = Base; path = Base.lproj/iPhone.storyboard; sourceTree = "<group>"; };
		4863D7921E36B914009137D6 /* Assets.xcassets */ = {isa = PBXFileReference; lastKnownFileType = folder.assetcatalog; path = Assets.xcassets; sourceTree = "<group>"; };
		4863D7951E36B914009137D6 /* Base */ = {isa = PBXFileReference; lastKnownFileType = file.storyboard; name = Base; path = Base.lproj/LaunchScreen.storyboard; sourceTree = "<group>"; };
		4863D7971E36B914009137D6 /* Info.plist */ = {isa = PBXFileReference; lastKnownFileType = text.plist.xml; path = Info.plist; sourceTree = "<group>"; };
		4863D79C1E36B915009137D6 /* DOCTests.xctest */ = {isa = PBXFileReference; explicitFileType = wrapper.cfbundle; includeInIndex = 0; path = DOCTests.xctest; sourceTree = BUILT_PRODUCTS_DIR; };
		4863D7A01E36B915009137D6 /* DOCTests.swift */ = {isa = PBXFileReference; lastKnownFileType = sourcecode.swift; path = DOCTests.swift; sourceTree = "<group>"; };
		4863D7A21E36B915009137D6 /* Info.plist */ = {isa = PBXFileReference; lastKnownFileType = text.plist.xml; path = Info.plist; sourceTree = "<group>"; };
		4863D7A71E36B915009137D6 /* DOCUITests.xctest */ = {isa = PBXFileReference; explicitFileType = wrapper.cfbundle; includeInIndex = 0; path = DOCUITests.xctest; sourceTree = BUILT_PRODUCTS_DIR; };
		4863D7AB1E36B915009137D6 /* DOCUITests.swift */ = {isa = PBXFileReference; lastKnownFileType = sourcecode.swift; path = DOCUITests.swift; sourceTree = "<group>"; };
		4863D7AD1E36B915009137D6 /* Info.plist */ = {isa = PBXFileReference; lastKnownFileType = text.plist.xml; path = Info.plist; sourceTree = "<group>"; };
		4863D7B91E36BCF5009137D6 /* iPad.storyboard */ = {isa = PBXFileReference; fileEncoding = 4; lastKnownFileType = file.storyboard; path = iPad.storyboard; sourceTree = "<group>"; };
/* End PBXFileReference section */

/* Begin PBXFrameworksBuildPhase section */
		4863D7851E36B914009137D6 /* Frameworks */ = {
			isa = PBXFrameworksBuildPhase;
			buildActionMask = 2147483647;
			files = (
			);
			runOnlyForDeploymentPostprocessing = 0;
		};
		4863D7991E36B915009137D6 /* Frameworks */ = {
			isa = PBXFrameworksBuildPhase;
			buildActionMask = 2147483647;
			files = (
			);
			runOnlyForDeploymentPostprocessing = 0;
		};
		4863D7A41E36B915009137D6 /* Frameworks */ = {
			isa = PBXFrameworksBuildPhase;
			buildActionMask = 2147483647;
			files = (
			);
			runOnlyForDeploymentPostprocessing = 0;
		};
/* End PBXFrameworksBuildPhase section */

/* Begin PBXGroup section */
		4863D77F1E36B914009137D6 = {
			isa = PBXGroup;
			children = (
				4863D78A1E36B914009137D6 /* DOC */,
				4863D79F1E36B915009137D6 /* DOCTests */,
				4863D7AA1E36B915009137D6 /* DOCUITests */,
				4863D7891E36B914009137D6 /* Products */,
			);
			sourceTree = "<group>";
		};
		4863D7891E36B914009137D6 /* Products */ = {
			isa = PBXGroup;
			children = (
				4863D7881E36B914009137D6 /* DOC.app */,
				4863D79C1E36B915009137D6 /* DOCTests.xctest */,
				4863D7A71E36B915009137D6 /* DOCUITests.xctest */,
			);
			name = Products;
			sourceTree = "<group>";
		};
		4863D78A1E36B914009137D6 /* DOC */ = {
			isa = PBXGroup;
			children = (
				4863D78B1E36B914009137D6 /* AppDelegate.swift */,
				4863D78D1E36B914009137D6 /* ViewController.swift */,
				4863D78F1E36B914009137D6 /* iPhone.storyboard */,
				4863D7921E36B914009137D6 /* Assets.xcassets */,
				4863D7941E36B914009137D6 /* LaunchScreen.storyboard */,
				4863D7971E36B914009137D6 /* Info.plist */,
				4863D7B91E36BCF5009137D6 /* iPad.storyboard */,
			);
			path = DOC;
			sourceTree = "<group>";
		};
		4863D79F1E36B915009137D6 /* DOCTests */ = {
			isa = PBXGroup;
			children = (
				4863D7A01E36B915009137D6 /* DOCTests.swift */,
				4863D7A21E36B915009137D6 /* Info.plist */,
			);
			path = DOCTests;
			sourceTree = "<group>";
		};
		4863D7AA1E36B915009137D6 /* DOCUITests */ = {
			isa = PBXGroup;
			children = (
				4863D7AB1E36B915009137D6 /* DOCUITests.swift */,
				4863D7AD1E36B915009137D6 /* Info.plist */,
			);
			path = DOCUITests;
			sourceTree = "<group>";
		};
/* End PBXGroup section */

/* Begin PBXNativeTarget section */
		4863D7871E36B914009137D6 /* DOC */ = {
			isa = PBXNativeTarget;
			buildConfigurationList = 4863D7B01E36B915009137D6 /* Build configuration list for PBXNativeTarget "DOC" */;
			buildPhases = (
				4863D7841E36B914009137D6 /* Sources */,
				4863D7851E36B914009137D6 /* Frameworks */,
				4863D7861E36B914009137D6 /* Resources */,
			);
			buildRules = (
			);
			dependencies = (
			);
			name = DOC;
			productName = DOC;
			productReference = 4863D7881E36B914009137D6 /* DOC.app */;
			productType = "com.apple.product-type.application";
		};
		4863D79B1E36B915009137D6 /* DOCTests */ = {
			isa = PBXNativeTarget;
			buildConfigurationList = 4863D7B31E36B915009137D6 /* Build configuration list for PBXNativeTarget "DOCTests" */;
			buildPhases = (
				4863D7981E36B915009137D6 /* Sources */,
				4863D7991E36B915009137D6 /* Frameworks */,
				4863D79A1E36B915009137D6 /* Resources */,
			);
			buildRules = (
			);
			dependencies = (
				4863D79E1E36B915009137D6 /* PBXTargetDependency */,
			);
			name = DOCTests;
			productName = DOCTests;
			productReference = 4863D79C1E36B915009137D6 /* DOCTests.xctest */;
			productType = "com.apple.product-type.bundle.unit-test";
		};
		4863D7A61E36B915009137D6 /* DOCUITests */ = {
			isa = PBXNativeTarget;
			buildConfigurationList = 4863D7B61E36B915009137D6 /* Build configuration list for PBXNativeTarget "DOCUITests" */;
			buildPhases = (
				4863D7A31E36B915009137D6 /* Sources */,
				4863D7A41E36B915009137D6 /* Frameworks */,
				4863D7A51E36B915009137D6 /* Resources */,
			);
			buildRules = (
			);
			dependencies = (
				4863D7A91E36B915009137D6 /* PBXTargetDependency */,
			);
			name = DOCUITests;
			productName = DOCUITests;
			productReference = 4863D7A71E36B915009137D6 /* DOCUITests.xctest */;
			productType = "com.apple.product-type.bundle.ui-testing";
		};
/* End PBXNativeTarget section */

/* Begin PBXProject section */
		4863D7801E36B914009137D6 /* Project object */ = {
			isa = PBXProject;
			attributes = {
				LastSwiftUpdateCheck = 0820;
				LastUpgradeCheck = 0820;
				ORGANIZATIONNAME = IIC;
				TargetAttributes = {
					4863D7871E36B914009137D6 = {
						CreatedOnToolsVersion = 8.2.1;
						DevelopmentTeam = 8WA86J7HWP;
						ProvisioningStyle = Automatic;
					};
					4863D79B1E36B915009137D6 = {
						CreatedOnToolsVersion = 8.2.1;
						DevelopmentTeam = 8WA86J7HWP;
						ProvisioningStyle = Automatic;
						TestTargetID = 4863D7871E36B914009137D6;
					};
					4863D7A61E36B915009137D6 = {
						CreatedOnToolsVersion = 8.2.1;
						DevelopmentTeam = 8WA86J7HWP;
						ProvisioningStyle = Automatic;
						TestTargetID = 4863D7871E36B914009137D6;
					};
				};
			};
			buildConfigurationList = 4863D7831E36B914009137D6 /* Build configuration list for PBXProject "DOC" */;
			compatibilityVersion = "Xcode 3.2";
			developmentRegion = English;
			hasScannedForEncodings = 0;
			knownRegions = (
				en,
				Base,
			);
			mainGroup = 4863D77F1E36B914009137D6;
			productRefGroup = 4863D7891E36B914009137D6 /* Products */;
			projectDirPath = "";
			projectRoot = "";
			targets = (
				4863D7871E36B914009137D6 /* DOC */,
				4863D79B1E36B915009137D6 /* DOCTests */,
				4863D7A61E36B915009137D6 /* DOCUITests */,
			);
		};
/* End PBXProject section */

/* Begin PBXResourcesBuildPhase section */
		4863D7861E36B914009137D6 /* Resources */ = {
			isa = PBXResourcesBuildPhase;
			buildActionMask = 2147483647;
			files = (
				4863D7BA1E36BCF5009137D6 /* iPad.storyboard in Resources */,
				4863D7961E36B914009137D6 /* LaunchScreen.storyboard in Resources */,
				4863D7931E36B914009137D6 /* Assets.xcassets in Resources */,
				4863D7911E36B914009137D6 /* iPhone.storyboard in Resources */,
			);
			runOnlyForDeploymentPostprocessing = 0;
		};
		4863D79A1E36B915009137D6 /* Resources */ = {
			isa = PBXResourcesBuildPhase;
			buildActionMask = 2147483647;
			files = (
			);
			runOnlyForDeploymentPostprocessing = 0;
		};
		4863D7A51E36B915009137D6 /* Resources */ = {
			isa = PBXResourcesBuildPhase;
			buildActionMask = 2147483647;
			files = (
			);
			runOnlyForDeploymentPostprocessing = 0;
		};
/* End PBXResourcesBuildPhase section */

/* Begin PBXSourcesBuildPhase section */
		4863D7841E36B914009137D6 /* Sources */ = {
			isa = PBXSourcesBuildPhase;
			buildActionMask = 2147483647;
			files = (
				4863D78E1E36B914009137D6 /* ViewController.swift in Sources */,
				4863D78C1E36B914009137D6 /* AppDelegate.swift in Sources */,
			);
			runOnlyForDeploymentPostprocessing = 0;
		};
		4863D7981E36B915009137D6 /* Sources */ = {
			isa = PBXSourcesBuildPhase;
			buildActionMask = 2147483647;
			files = (
				4863D7A11E36B915009137D6 /* DOCTests.swift in Sources */,
			);
			runOnlyForDeploymentPostprocessing = 0;
		};
		4863D7A31E36B915009137D6 /* Sources */ = {
			isa = PBXSourcesBuildPhase;
			buildActionMask = 2147483647;
			files = (
				4863D7AC1E36B915009137D6 /* DOCUITests.swift in Sources */,
			);
			runOnlyForDeploymentPostprocessing = 0;
		};
/* End PBXSourcesBuildPhase section */

/* Begin PBXTargetDependency section */
		4863D79E1E36B915009137D6 /* PBXTargetDependency */ = {
			isa = PBXTargetDependency;
			target = 4863D7871E36B914009137D6 /* DOC */;
			targetProxy = 4863D79D1E36B915009137D6 /* PBXContainerItemProxy */;
		};
		4863D7A91E36B915009137D6 /* PBXTargetDependency */ = {
			isa = PBXTargetDependency;
			target = 4863D7871E36B914009137D6 /* DOC */;
			targetProxy = 4863D7A81E36B915009137D6 /* PBXContainerItemProxy */;
		};
/* End PBXTargetDependency section */

/* Begin PBXVariantGroup section */
		4863D78F1E36B914009137D6 /* iPhone.storyboard */ = {
			isa = PBXVariantGroup;
			children = (
				4863D7901E36B914009137D6 /* Base */,
			);
			name = iPhone.storyboard;
			sourceTree = "<group>";
		};
		4863D7941E36B914009137D6 /* LaunchScreen.storyboard */ = {
			isa = PBXVariantGroup;
			children = (
				4863D7951E36B914009137D6 /* Base */,
			);
			name = LaunchScreen.storyboard;
			sourceTree = "<group>";
		};
/* End PBXVariantGroup section */

/* Begin XCBuildConfiguration section */
		4863D7AE1E36B915009137D6 /* Debug */ = {
			isa = XCBuildConfiguration;
			buildSettings = {
				ALWAYS_SEARCH_USER_PATHS = NO;
				CLANG_ANALYZER_NONNULL = YES;
				CLANG_CXX_LANGUAGE_STANDARD = "gnu++0x";
				CLANG_CXX_LIBRARY = "libc++";
				CLANG_ENABLE_MODULES = YES;
				CLANG_ENABLE_OBJC_ARC = YES;
				CLANG_WARN_BOOL_CONVERSION = YES;
				CLANG_WARN_CONSTANT_CONVERSION = YES;
				CLANG_WARN_DIRECT_OBJC_ISA_USAGE = YES_ERROR;
				CLANG_WARN_DOCUMENTATION_COMMENTS = YES;
				CLANG_WARN_EMPTY_BODY = YES;
				CLANG_WARN_ENUM_CONVERSION = YES;
				CLANG_WARN_INFINITE_RECURSION = YES;
				CLANG_WARN_INT_CONVERSION = YES;
				CLANG_WARN_OBJC_ROOT_CLASS = YES_ERROR;
				CLANG_WARN_SUSPICIOUS_MOVE = YES;
				CLANG_WARN_UNREACHABLE_CODE = YES;
				CLANG_WARN__DUPLICATE_METHOD_MATCH = YES;
				"CODE_SIGN_IDENTITY[sdk=iphoneos*]" = "iPhone Developer";
				COPY_PHASE_STRIP = NO;
				DEBUG_INFORMATION_FORMAT = dwarf;
				ENABLE_STRICT_OBJC_MSGSEND = YES;
				ENABLE_TESTABILITY = YES;
				GCC_C_LANGUAGE_STANDARD = gnu99;
				GCC_DYNAMIC_NO_PIC = NO;
				GCC_NO_COMMON_BLOCKS = YES;
				GCC_OPTIMIZATION_LEVEL = 0;
				GCC_PREPROCESSOR_DEFINITIONS = (
					"DEBUG=1",
					"$(inherited)",
				);
				GCC_WARN_64_TO_32_BIT_CONVERSION = YES;
				GCC_WARN_ABOUT_RETURN_TYPE = YES_ERROR;
				GCC_WARN_UNDECLARED_SELECTOR = YES;
				GCC_WARN_UNINITIALIZED_AUTOS = YES_AGGRESSIVE;
				GCC_WARN_UNUSED_FUNCTION = YES;
				GCC_WARN_UNUSED_VARIABLE = YES;
				IPHONEOS_DEPLOYMENT_TARGET = 10.2;
				MTL_ENABLE_DEBUG_INFO = YES;
				ONLY_ACTIVE_ARCH = YES;
				SDKROOT = iphoneos;
				SWIFT_ACTIVE_COMPILATION_CONDITIONS = DEBUG;
				SWIFT_OPTIMIZATION_LEVEL = "-Onone";
			};
			name = Debug;
		};
		4863D7AF1E36B915009137D6 /* Release */ = {
			isa = XCBuildConfiguration;
			buildSettings = {
				ALWAYS_SEARCH_USER_PATHS = NO;
				CLANG_ANALYZER_NONNULL = YES;
				CLANG_CXX_LANGUAGE_STANDARD = "gnu++0x";
				CLANG_CXX_LIBRARY = "libc++";
				CLANG_ENABLE_MODULES = YES;
				CLANG_ENABLE_OBJC_ARC = YES;
				CLANG_WARN_BOOL_CONVERSION = YES;
				CLANG_WARN_CONSTANT_CONVERSION = YES;
				CLANG_WARN_DIRECT_OBJC_ISA_USAGE = YES_ERROR;
				CLANG_WARN_DOCUMENTATION_COMMENTS = YES;
				CLANG_WARN_EMPTY_BODY = YES;
				CLANG_WARN_ENUM_CONVERSION = YES;
				CLANG_WARN_INFINITE_RECURSION = YES;
				CLANG_WARN_INT_CONVERSION = YES;
				CLANG_WARN_OBJC_ROOT_CLASS = YES_ERROR;
				CLANG_WARN_SUSPICIOUS_MOVE = YES;
				CLANG_WARN_UNREACHABLE_CODE = YES;
				CLANG_WARN__DUPLICATE_METHOD_MATCH = YES;
				"CODE_SIGN_IDENTITY[sdk=iphoneos*]" = "iPhone Developer";
				COPY_PHASE_STRIP = NO;
				DEBUG_INFORMATION_FORMAT = "dwarf-with-dsym";
				ENABLE_NS_ASSERTIONS = NO;
				ENABLE_STRICT_OBJC_MSGSEND = YES;
				GCC_C_LANGUAGE_STANDARD = gnu99;
				GCC_NO_COMMON_BLOCKS = YES;
				GCC_WARN_64_TO_32_BIT_CONVERSION = YES;
				GCC_WARN_ABOUT_RETURN_TYPE = YES_ERROR;
				GCC_WARN_UNDECLARED_SELECTOR = YES;
				GCC_WARN_UNINITIALIZED_AUTOS = YES_AGGRESSIVE;
				GCC_WARN_UNUSED_FUNCTION = YES;
				GCC_WARN_UNUSED_VARIABLE = YES;
				IPHONEOS_DEPLOYMENT_TARGET = 10.2;
				MTL_ENABLE_DEBUG_INFO = NO;
				SDKROOT = iphoneos;
				SWIFT_OPTIMIZATION_LEVEL = "-Owholemodule";
				VALIDATE_PRODUCT = YES;
			};
			name = Release;
		};
		4863D7B11E36B915009137D6 /* Debug */ = {
			isa = XCBuildConfiguration;
			buildSettings = {
				ASSETCATALOG_COMPILER_APPICON_NAME = AppIcon;
				DEVELOPMENT_TEAM = 8WA86J7HWP;
				INFOPLIST_FILE = DOC/Info.plist;
				LD_RUNPATH_SEARCH_PATHS = "$(inherited) @executable_path/Frameworks";
				PRODUCT_BUNDLE_IDENTIFIER = IIC.DOC;
				PRODUCT_NAME = "$(TARGET_NAME)";
				SWIFT_VERSION = 3.0;
				TARGETED_DEVICE_FAMILY = "1,2";
			};
			name = Debug;
		};
		4863D7B21E36B915009137D6 /* Release */ = {
			isa = XCBuildConfiguration;
			buildSettings = {
				ASSETCATALOG_COMPILER_APPICON_NAME = AppIcon;
				DEVELOPMENT_TEAM = 8WA86J7HWP;
				INFOPLIST_FILE = DOC/Info.plist;
				LD_RUNPATH_SEARCH_PATHS = "$(inherited) @executable_path/Frameworks";
				PRODUCT_BUNDLE_IDENTIFIER = IIC.DOC;
				PRODUCT_NAME = "$(TARGET_NAME)";
				SWIFT_VERSION = 3.0;
				TARGETED_DEVICE_FAMILY = "1,2";
			};
			name = Release;
		};
		4863D7B41E36B915009137D6 /* Debug */ = {
			isa = XCBuildConfiguration;
			buildSettings = {
				ALWAYS_EMBED_SWIFT_STANDARD_LIBRARIES = YES;
				BUNDLE_LOADER = "$(TEST_HOST)";
				DEVELOPMENT_TEAM = 8WA86J7HWP;
				INFOPLIST_FILE = DOCTests/Info.plist;
				LD_RUNPATH_SEARCH_PATHS = "$(inherited) @executable_path/Frameworks @loader_path/Frameworks";
				PRODUCT_BUNDLE_IDENTIFIER = IIC.DOCTests;
				PRODUCT_NAME = "$(TARGET_NAME)";
				SWIFT_VERSION = 3.0;
				TEST_HOST = "$(BUILT_PRODUCTS_DIR)/DOC.app/DOC";
			};
			name = Debug;
		};
		4863D7B51E36B915009137D6 /* Release */ = {
			isa = XCBuildConfiguration;
			buildSettings = {
				ALWAYS_EMBED_SWIFT_STANDARD_LIBRARIES = YES;
				BUNDLE_LOADER = "$(TEST_HOST)";
				DEVELOPMENT_TEAM = 8WA86J7HWP;
				INFOPLIST_FILE = DOCTests/Info.plist;
				LD_RUNPATH_SEARCH_PATHS = "$(inherited) @executable_path/Frameworks @loader_path/Frameworks";
				PRODUCT_BUNDLE_IDENTIFIER = IIC.DOCTests;
				PRODUCT_NAME = "$(TARGET_NAME)";
				SWIFT_VERSION = 3.0;
				TEST_HOST = "$(BUILT_PRODUCTS_DIR)/DOC.app/DOC";
			};
			name = Release;
		};
		4863D7B71E36B915009137D6 /* Debug */ = {
			isa = XCBuildConfiguration;
			buildSettings = {
				ALWAYS_EMBED_SWIFT_STANDARD_LIBRARIES = YES;
				DEVELOPMENT_TEAM = 8WA86J7HWP;
				INFOPLIST_FILE = DOCUITests/Info.plist;
				LD_RUNPATH_SEARCH_PATHS = "$(inherited) @executable_path/Frameworks @loader_path/Frameworks";
				PRODUCT_BUNDLE_IDENTIFIER = IIC.DOCUITests;
				PRODUCT_NAME = "$(TARGET_NAME)";
				SWIFT_VERSION = 3.0;
				TEST_TARGET_NAME = DOC;
			};
			name = Debug;
		};
		4863D7B81E36B915009137D6 /* Release */ = {
			isa = XCBuildConfiguration;
			buildSettings = {
				ALWAYS_EMBED_SWIFT_STANDARD_LIBRARIES = YES;
				DEVELOPMENT_TEAM = 8WA86J7HWP;
				INFOPLIST_FILE = DOCUITests/Info.plist;
				LD_RUNPATH_SEARCH_PATHS = "$(inherited) @executable_path/Frameworks @loader_path/Frameworks";
				PRODUCT_BUNDLE_IDENTIFIER = IIC.DOCUITests;
				PRODUCT_NAME = "$(TARGET_NAME)";
				SWIFT_VERSION = 3.0;
				TEST_TARGET_NAME = DOC;
			};
			name = Release;
		};
/* End XCBuildConfiguration section */

/* Begin XCConfigurationList section */
		4863D7831E36B914009137D6 /* Build configuration list for PBXProject "DOC" */ = {
			isa = XCConfigurationList;
			buildConfigurations = (
				4863D7AE1E36B915009137D6 /* Debug */,
				4863D7AF1E36B915009137D6 /* Release */,
			);
			defaultConfigurationIsVisible = 0;
			defaultConfigurationName = Release;
		};
		4863D7B01E36B915009137D6 /* Build configuration list for PBXNativeTarget "DOC" */ = {
			isa = XCConfigurationList;
			buildConfigurations = (
				4863D7B11E36B915009137D6 /* Debug */,
				4863D7B21E36B915009137D6 /* Release */,
			);
			defaultConfigurationIsVisible = 0;
		};
		4863D7B31E36B915009137D6 /* Build configuration list for PBXNativeTarget "DOCTests" */ = {
			isa = XCConfigurationList;
			buildConfigurations = (
				4863D7B41E36B915009137D6 /* Debug */,
				4863D7B51E36B915009137D6 /* Release */,
			);
			defaultConfigurationIsVisible = 0;
		};
		4863D7B61E36B915009137D6 /* Build configuration list for PBXNativeTarget "DOCUITests" */ = {
			isa = XCConfigurationList;
			buildConfigurations = (
				4863D7B71E36B915009137D6 /* Debug */,
				4863D7B81E36B915009137D6 /* Release */,
			);
			defaultConfigurationIsVisible = 0;
		};
/* End XCConfigurationList section */
	};
	rootObject = 4863D7801E36B914009137D6 /* Project object */;
}
